{
  "name": "mini-tools",
  "version": "1.0.0",
  "lockfileVersion": 1,
  "requires": true,
  "dependencies": {
    "js-base64": {
      "version": "3.4.5",
      "resolved": "https://registry.npm.taobao.org/js-base64/download/js-base64-3.4.5.tgz",
      "integrity": "sha1-bRkh5loXLP2SRgThQW36/0V1LD4="
    },
    "moment": {
      "version": "2.29.1",
      "resolved": "http://mirrors.cloud.tencent.com/npm/moment/-/moment-2.29.1.tgz",
      "integrity": "sha512-kHmoybcPV8Sqy59DwNDY3Jefr64lK/by/da0ViFcuA4DH0vQg5Q6Ze5VimxkfQNSC+Mls/Kx53s7TjP1RhFEDQ=="
    },
    "number-precision": {
      "version": "1.5.0",
      "resolved": "https://registry.npm.taobao.org/number-precision/download/number-precision-1.5.0.tgz",
      "integrity": "sha1-7KHjZXzH3jd4mH8tIqqd6kviONU="
    },
    "relationship.js": {
      "version": "1.0.0",
      "resolved": "http://mirrors.cloud.tencent.com/npm/relationship.js/-/relationship.js-1.0.0.tgz",
      "integrity": "sha1-nykiI0r0GjfWRJeNv28iw29oxDU="
    }
  }
}
